// !$*UTF8*$!
{
	archiveVersion = 1;
	classes = {
	};
	objectVersion = 46;
	objects = {

/* Begin PBXBuildFile section */
		559A2F131BE92D2900D45FD4 /* AppDelegate.swift in Sources */ = {isa = PBXBuildFile; fileRef = 559A2F121BE92D2900D45FD4 /* AppDelegate.swift */; };
		559A2F151BE92D2900D45FD4 /* ViewController.swift in Sources */ = {isa = PBXBuildFile; fileRef = 559A2F141BE92D2900D45FD4 /* ViewController.swift */; };
		559A2F181BE92D2900D45FD4 /* Main.storyboard in Resources */ = {isa = PBXBuildFile; fileRef = 559A2F161BE92D2900D45FD4 /* Main.storyboard */; };
		559A2F1A1BE92D2900D45FD4 /* Assets.xcassets in Resources */ = {isa = PBXBuildFile; fileRef = 559A2F191BE92D2900D45FD4 /* Assets.xcassets */; };
		559A2F1D1BE92D2900D45FD4 /* LaunchScreen.storyboard in Resources */ = {isa = PBXBuildFile; fileRef = 559A2F1B1BE92D2900D45FD4 /* LaunchScreen.storyboard */; };
		559A2F271BE92DB000D45FD4 /* Reachability.m in Sources */ = {isa = PBXBuildFile; fileRef = 559A2F261BE92DB000D45FD4 /* Reachability.m */; };
		559A2F291BE92DFE00D45FD4 /* NetworkManager.swift in Sources */ = {isa = PBXBuildFile; fileRef = 559A2F281BE92DFE00D45FD4 /* NetworkManager.swift */; };
		559A2F2C1BE92EAA00D45FD4 /* DataManager.swift in Sources */ = {isa = PBXBuildFile; fileRef = 559A2F2B1BE92EAA00D45FD4 /* DataManager.swift */; };
		559A2F2E1BE937DC00D45FD4 /* Weather.swift in Sources */ = {isa = PBXBuildFile; fileRef = 559A2F2D1BE937DC00D45FD4 /* Weather.swift */; };
		559A2F341BE9450000D45FD4 /* CoreLocation.framework in Frameworks */ = {isa = PBXBuildFile; fileRef = 559A2F331BE9450000D45FD4 /* CoreLocation.framework */; };
/* End PBXBuildFile section */

/* Begin PBXFileReference section */
		559A2F0F1BE92D2900D45FD4 /* Forecast.app */ = {isa = PBXFileReference; explicitFileType = wrapper.application; includeInIndex = 0; path = Forecast.app; sourceTree = BUILT_PRODUCTS_DIR; };
		559A2F121BE92D2900D45FD4 /* AppDelegate.swift */ = {isa = PBXFileReference; lastKnownFileType = sourcecode.swift; path = AppDelegate.swift; sourceTree = "<group>"; };
		559A2F141BE92D2900D45FD4 /* ViewController.swift */ = {isa = PBXFileReference; lastKnownFileType = sourcecode.swift; path = ViewController.swift; sourceTree = "<group>"; };
		559A2F171BE92D2900D45FD4 /* Base */ = {isa = PBXFileReference; lastKnownFileType = file.storyboard; name = Base; path = Base.lproj/Main.storyboard; sourceTree = "<group>"; };
		559A2F191BE92D2900D45FD4 /* Assets.xcassets */ = {isa = PBXFileReference; lastKnownFileType = folder.assetcatalog; path = Assets.xcassets; sourceTree = "<group>"; };
		559A2F1C1BE92D2900D45FD4 /* Base */ = {isa = PBXFileReference; lastKnownFileType = file.storyboard; name = Base; path = Base.lproj/LaunchScreen.storyboard; sourceTree = "<group>"; };
		559A2F1E1BE92D2900D45FD4 /* Info.plist */ = {isa = PBXFileReference; lastKnownFileType = text.plist.xml; path = Info.plist; sourceTree = "<group>"; };
		559A2F241BE92DAF00D45FD4 /* Forecast-Bridging-Header.h */ = {isa = PBXFileReference; lastKnownFileType = sourcecode.c.h; path = "Forecast-Bridging-Header.h"; sourceTree = "<group>"; };
		559A2F251BE92DB000D45FD4 /* Reachability.h */ = {isa = PBXFileReference; fileEncoding = 4; lastKnownFileType = sourcecode.c.h; path = Reachability.h; sourceTree = "<group>"; };
		559A2F261BE92DB000D45FD4 /* Reachability.m */ = {isa = PBXFileReference; fileEncoding = 4; lastKnownFileType = sourcecode.c.objc; path = Reachability.m; sourceTree = "<group>"; };
		559A2F281BE92DFE00D45FD4 /* NetworkManager.swift */ = {isa = PBXFileReference; fileEncoding = 4; lastKnownFileType = sourcecode.swift; path = NetworkManager.swift; sourceTree = "<group>"; };
		559A2F2B1BE92EAA00D45FD4 /* DataManager.swift */ = {isa = PBXFileReference; fileEncoding = 4; lastKnownFileType = sourcecode.swift; path = DataManager.swift; sourceTree = "<group>"; };
		559A2F2D1BE937DC00D45FD4 /* Weather.swift */ = {isa = PBXFileReference; fileEncoding = 4; lastKnownFileType = sourcecode.swift; path = Weather.swift; sourceTree = "<group>"; };
		559A2F331BE9450000D45FD4 /* CoreLocation.framework */ = {isa = PBXFileReference; lastKnownFileType = wrapper.framework; name = CoreLocation.framework; path = System/Library/Frameworks/CoreLocation.framework; sourceTree = SDKROOT; };
/* End PBXFileReference section */

/* Begin PBXFrameworksBuildPhase section */
		559A2F0C1BE92D2900D45FD4 /* Frameworks */ = {
			isa = PBXFrameworksBuildPhase;
			buildActionMask = 2147483647;
			files = (
				559A2F341BE9450000D45FD4 /* CoreLocation.framework in Frameworks */,
			);
			runOnlyForDeploymentPostprocessing = 0;
		};
/* End PBXFrameworksBuildPhase section */

/* Begin PBXGroup section */
		559A2F061BE92D2900D45FD4 = {
			isa = PBXGroup;
			children = (
				559A2F331BE9450000D45FD4 /* CoreLocation.framework */,
				559A2F111BE92D2900D45FD4 /* Forecast */,
				559A2F101BE92D2900D45FD4 /* Products */,
			);
			sourceTree = "<group>";
		};
		559A2F101BE92D2900D45FD4 /* Products */ = {
			isa = PBXGroup;
			children = (
				559A2F0F1BE92D2900D45FD4 /* Forecast.app */,
			);
			name = Products;
			sourceTree = "<group>";
		};
		559A2F111BE92D2900D45FD4 /* Forecast */ = {
			isa = PBXGroup;
			children = (
				559A2F121BE92D2900D45FD4 /* AppDelegate.swift */,
				559A2F141BE92D2900D45FD4 /* ViewController.swift */,
				559A2F2A1BE92E0800D45FD4 /* Managers */,
				559A2F161BE92D2900D45FD4 /* Main.storyboard */,
				559A2F191BE92D2900D45FD4 /* Assets.xcassets */,
				559A2F1B1BE92D2900D45FD4 /* LaunchScreen.storyboard */,
				559A2F1E1BE92D2900D45FD4 /* Info.plist */,
				559A2F241BE92DAF00D45FD4 /* Forecast-Bridging-Header.h */,
			);
			path = Forecast;
			sourceTree = "<group>";
		};
		559A2F2A1BE92E0800D45FD4 /* Managers */ = {
			isa = PBXGroup;
			children = (
				559A2F2B1BE92EAA00D45FD4 /* DataManager.swift */,
				559A2F281BE92DFE00D45FD4 /* NetworkManager.swift */,
				559A2F2D1BE937DC00D45FD4 /* Weather.swift */,
				559A2F251BE92DB000D45FD4 /* Reachability.h */,
				559A2F261BE92DB000D45FD4 /* Reachability.m */,
			);
			name = Managers;
			sourceTree = "<group>";
		};
/* End PBXGroup section */

/* Begin PBXNativeTarget section */
		559A2F0E1BE92D2900D45FD4 /* Forecast */ = {
			isa = PBXNativeTarget;
			buildConfigurationList = 559A2F211BE92D2900D45FD4 /* Build configuration list for PBXNativeTarget "Forecast" */;
			buildPhases = (
				559A2F0B1BE92D2900D45FD4 /* Sources */,
				559A2F0C1BE92D2900D45FD4 /* Frameworks */,
				559A2F0D1BE92D2900D45FD4 /* Resources */,
			);
			buildRules = (
			);
			dependencies = (
			);
			name = Forecast;
			productName = Forecast;
			productReference = 559A2F0F1BE92D2900D45FD4 /* Forecast.app */;
			productType = "com.apple.product-type.application";
		};
/* End PBXNativeTarget section */

/* Begin PBXProject section */
		559A2F071BE92D2900D45FD4 /* Project object */ = {
			isa = PBXProject;
			attributes = {
				LastSwiftUpdateCheck = 0710;
				LastUpgradeCheck = 0710;
				ORGANIZATIONNAME = "Mike Henry";
				TargetAttributes = {
					559A2F0E1BE92D2900D45FD4 = {
						CreatedOnToolsVersion = 7.1;
					};
				};
			};
			buildConfigurationList = 559A2F0A1BE92D2900D45FD4 /* Build configuration list for PBXProject "Forecast" */;
			compatibilityVersion = "Xcode 3.2";
			developmentRegion = English;
			hasScannedForEncodings = 0;
			knownRegions = (
				en,
				Base,
			);
			mainGroup = 559A2F061BE92D2900D45FD4;
			productRefGroup = 559A2F101BE92D2900D45FD4 /* Products */;
			projectDirPath = "";
			projectRoot = "";
			targets = (
				559A2F0E1BE92D2900D45FD4 /* Forecast */,
			);
		};
/* End PBXProject section */

/* Begin PBXResourcesBuildPhase section */
		559A2F0D1BE92D2900D45FD4 /* Resources */ = {
			isa = PBXResourcesBuildPhase;
			buildActionMask = 2147483647;
			files = (
				559A2F1D1BE92D2900D45FD4 /* LaunchScreen.storyboard in Resources */,
				559A2F1A1BE92D2900D45FD4 /* Assets.xcassets in Resources */,
				559A2F181BE92D2900D45FD4 /* Main.storyboard in Resources */,
			);
			runOnlyForDeploymentPostprocessing = 0;
		};
/* End PBXResourcesBuildPhase section */

/* Begin PBXSourcesBuildPhase section */
		559A2F0B1BE92D2900D45FD4 /* Sources */ = {
			isa = PBXSourcesBuildPhase;
			buildActionMask = 2147483647;
			files = (
				559A2F291BE92DFE00D45FD4 /* NetworkManager.swift in Sources */,
				559A2F2C1BE92EAA00D45FD4 /* DataManager.swift in Sources */,
				559A2F151BE92D2900D45FD4 /* ViewController.swift in Sources */,
				559A2F271BE92DB000D45FD4 /* Reachability.m in Sources */,
				559A2F2E1BE937DC00D45FD4 /* Weather.swift in Sources */,
				559A2F131BE92D2900D45FD4 /* AppDelegate.swift in Sources */,
			);
			runOnlyForDeploymentPostprocessing = 0;
		};
/* End PBXSourcesBuildPhase section */

/* Begin PBXVariantGroup section */
		559A2F161BE92D2900D45FD4 /* Main.storyboard */ = {
			isa = PBXVariantGroup;
			children = (
				559A2F171BE92D2900D45FD4 /* Base */,
			);
			name = Main.storyboard;
			sourceTree = "<group>";
		};
		559A2F1B1BE92D2900D45FD4 /* LaunchScreen.storyboard */ = {
			isa = PBXVariantGroup;
			children = (
				559A2F1C1BE92D2900D45FD4 /* Base */,
			);
			name = LaunchScreen.storyboard;
			sourceTree = "<group>";
		};
/* End PBXVariantGroup section */

/* Begin XCBuildConfiguration section */
		559A2F1F1BE92D2900D45FD4 /* Debug */ = {
			isa = XCBuildConfiguration;
			buildSettings = {
				ALWAYS_SEARCH_USER_PATHS = NO;
				CLANG_CXX_LANGUAGE_STANDARD = "gnu++0x";
				CLANG_CXX_LIBRARY = "libc++";
				CLANG_ENABLE_MODULES = YES;
				CLANG_ENABLE_OBJC_ARC = YES;
				CLANG_WARN_BOOL_CONVERSION = YES;
				CLANG_WARN_CONSTANT_CONVERSION = YES;
				CLANG_WARN_DIRECT_OBJC_ISA_USAGE = YES_ERROR;
				CLANG_WARN_EMPTY_BODY = YES;
				CLANG_WARN_ENUM_CONVERSION = YES;
				CLANG_WARN_INT_CONVERSION = YES;
				CLANG_WARN_OBJC_ROOT_CLASS = YES_ERROR;
				CLANG_WARN_UNREACHABLE_CODE = YES;
				CLANG_WARN__DUPLICATE_METHOD_MATCH = YES;
				"CODE_SIGN_IDENTITY[sdk=iphoneos*]" = "iPhone Developer";
				COPY_PHASE_STRIP = NO;
				DEBUG_INFORMATION_FORMAT = dwarf;
				ENABLE_STRICT_OBJC_MSGSEND = YES;
				ENABLE_TESTABILITY = YES;
				GCC_C_LANGUAGE_STANDARD = gnu99;
				GCC_DYNAMIC_NO_PIC = NO;
				GCC_NO_COMMON_BLOCKS = YES;
				GCC_OPTIMIZATION_LEVEL = 0;
				GCC_PREPROCESSOR_DEFINITIONS = (
					"DEBUG=1",
					"$(inherited)",
				);
				GCC_WARN_64_TO_32_BIT_CONVERSION = YES;
				GCC_WARN_ABOUT_RETURN_TYPE = YES_ERROR;
				GCC_WARN_UNDECLARED_SELECTOR = YES;
				GCC_WARN_UNINITIALIZED_AUTOS = YES_AGGRESSIVE;
				GCC_WARN_UNUSED_FUNCTION = YES;
				GCC_WARN_UNUSED_VARIABLE = YES;
				IPHONEOS_DEPLOYMENT_TARGET = 9.1;
				MTL_ENABLE_DEBUG_INFO = YES;
				ONLY_ACTIVE_ARCH = YES;
				SDKROOT = iphoneos;
				SWIFT_OPTIMIZATION_LEVEL = "-Onone";
			};
			name = Debug;
		};
		559A2F201BE92D2900D45FD4 /* Release */ = {
			isa = XCBuildConfiguration;
			buildSettings = {
				ALWAYS_SEARCH_USER_PATHS = NO;
				CLANG_CXX_LANGUAGE_STANDARD = "gnu++0x";
				CLANG_CXX_LIBRARY = "libc++";
				CLANG_ENABLE_MODULES = YES;
				CLANG_ENABLE_OBJC_ARC = YES;
				CLANG_WARN_BOOL_CONVERSION = YES;
				CLANG_WARN_CONSTANT_CONVERSION = YES;
				CLANG_WARN_DIRECT_OBJC_ISA_USAGE = YES_ERROR;
				CLANG_WARN_EMPTY_BODY = YES;
				CLANG_WARN_ENUM_CONVERSION = YES;
				CLANG_WARN_INT_CONVERSION = YES;
				CLANG_WARN_OBJC_ROOT_CLASS = YES_ERROR;
				CLANG_WARN_UNREACHABLE_CODE = YES;
				CLANG_WARN__DUPLICATE_METHOD_MATCH = YES;
				"CODE_SIGN_IDENTITY[sdk=iphoneos*]" = "iPhone Developer";
				COPY_PHASE_STRIP = NO;
				DEBUG_INFORMATION_FORMAT = "dwarf-with-dsym";
				ENABLE_NS_ASSERTIONS = NO;
				ENABLE_STRICT_OBJC_MSGSEND = YES;
				GCC_C_LANGUAGE_STANDARD = gnu99;
				GCC_NO_COMMON_BLOCKS = YES;
				GCC_WARN_64_TO_32_BIT_CONVERSION = YES;
				GCC_WARN_ABOUT_RETURN_TYPE = YES_ERROR;
				GCC_WARN_UNDECLARED_SELECTOR = YES;
				GCC_WARN_UNINITIALIZED_AUTOS = YES_AGGRESSIVE;
				GCC_WARN_UNUSED_FUNCTION = YES;
				GCC_WARN_UNUSED_VARIABLE = YES;
				IPHONEOS_DEPLOYMENT_TARGET = 9.1;
				MTL_ENABLE_DEBUG_INFO = NO;
				SDKROOT = iphoneos;
				VALIDATE_PRODUCT = YES;
			};
			name = Release;
		};
		559A2F221BE92D2900D45FD4 /* Debug */ = {
			isa = XCBuildConfiguration;
			buildSettings = {
				ASSETCATALOG_COMPILER_APPICON_NAME = AppIcon;
				CLANG_ENABLE_MODULES = YES;
				INFOPLIST_FILE = Forecast/Info.plist;
				LD_RUNPATH_SEARCH_PATHS = "$(inherited) @executable_path/Frameworks";
				PRODUCT_BUNDLE_IDENTIFIER = com.henrymike.Forecast;
				PRODUCT_NAME = "$(TARGET_NAME)";
				SWIFT_OBJC_BRIDGING_HEADER = "Forecast/Forecast-Bridging-Header.h";
				SWIFT_OPTIMIZATION_LEVEL = "-Onone";
			};
			name = Debug;
		};
		559A2F231BE92D2900D45FD4 /* Release */ = {
			isa = XCBuildConfiguration;
			buildSettings = {
				ASSETCATALOG_COMPILER_APPICON_NAME = AppIcon;
				CLANG_ENABLE_MODULES = YES;
				INFOPLIST_FILE = Forecast/Info.plist;
				LD_RUNPATH_SEARCH_PATHS = "$(inherited) @executable_path/Frameworks";
				PRODUCT_BUNDLE_IDENTIFIER = com.henrymike.Forecast;
				PRODUCT_NAME = "$(TARGET_NAME)";
				SWIFT_OBJC_BRIDGING_HEADER = "Forecast/Forecast-Bridging-Header.h";
			};
			name = Release;
		};
/* End XCBuildConfiguration section */

/* Begin XCConfigurationList section */
		559A2F0A1BE92D2900D45FD4 /* Build configuration list for PBXProject "Forecast" */ = {
			isa = XCConfigurationList;
			buildConfigurations = (
				559A2F1F1BE92D2900D45FD4 /* Debug */,
				559A2F201BE92D2900D45FD4 /* Release */,
			);
			defaultConfigurationIsVisible = 0;
			defaultConfigurationName = Release;
		};
		559A2F211BE92D2900D45FD4 /* Build configuration list for PBXNativeTarget "Forecast" */ = {
			isa = XCConfigurationList;
			buildConfigurations = (
				559A2F221BE92D2900D45FD4 /* Debug */,
				559A2F231BE92D2900D45FD4 /* Release */,
			);
			defaultConfigurationIsVisible = 0;
		};
/* End XCConfigurationList section */
	};
	rootObject = 559A2F071BE92D2900D45FD4 /* Project object */;
}
